// !$*UTF8*$!
{
	archiveVersion = 1;
	classes = {
	};
	objectVersion = 56;
	objects = {

/* Begin PBXBuildFile section */
		210046362A0EFC2D007A66E2 /* ContactanosViewController.swift in Sources */ = {isa = PBXBuildFile; fileRef = 210046352A0EFC2D007A66E2 /* ContactanosViewController.swift */; };
		2109C013295268BF0072CC2B /* ProfileViewController.swift in Sources */ = {isa = PBXBuildFile; fileRef = 2109C012295268BF0072CC2B /* ProfileViewController.swift */; };
		2109C0152952DCE80072CC2B /* PaymentViewController.swift in Sources */ = {isa = PBXBuildFile; fileRef = 2109C0142952DCE80072CC2B /* PaymentViewController.swift */; };
		2109C017295314110072CC2B /* TramitesPendViewController.swift in Sources */ = {isa = PBXBuildFile; fileRef = 2109C016295314110072CC2B /* TramitesPendViewController.swift */; };
		2109C0192953323E0072CC2B /* ChangeEmailViewController.swift in Sources */ = {isa = PBXBuildFile; fileRef = 2109C0182953323E0072CC2B /* ChangeEmailViewController.swift */; };
		2109C01B29533BEA0072CC2B /* ChangePassViewController.swift in Sources */ = {isa = PBXBuildFile; fileRef = 2109C01A29533BEA0072CC2B /* ChangePassViewController.swift */; };
		213CCA4829A43E060029F154 /* DatosFacturacionViewController.swift in Sources */ = {isa = PBXBuildFile; fileRef = 213CCA4729A43E060029F154 /* DatosFacturacionViewController.swift */; };
		213D841229541550008F046C /* VehicleViewController.swift in Sources */ = {isa = PBXBuildFile; fileRef = 213D841129541550008F046C /* VehicleViewController.swift */; };
		213D8418295431EA008F046C /* StripePaymentSheet in Frameworks */ = {isa = PBXBuildFile; productRef = 213D8417295431EA008F046C /* StripePaymentSheet */; };
		213D841A29544E27008F046C /* Stripe in Frameworks */ = {isa = PBXBuildFile; productRef = 213D841929544E27008F046C /* Stripe */; };
		213D841C29547C1C008F046C /* showVehiclesViewController.swift in Sources */ = {isa = PBXBuildFile; fileRef = 213D841B29547C1C008F046C /* showVehiclesViewController.swift */; };
		213D841E295488E2008F046C /* EscogerCantidadViewController.swift in Sources */ = {isa = PBXBuildFile; fileRef = 213D841D295488E2008F046C /* EscogerCantidadViewController.swift */; };
		215904A129FB55BD0052FA24 /* ChecaInternet.swift in Sources */ = {isa = PBXBuildFile; fileRef = 215904A029FB55BD0052FA24 /* ChecaInternet.swift */; };
		216FD561293EEEEF00DE3A31 /* HomeViewController.swift in Sources */ = {isa = PBXBuildFile; fileRef = 216FD560293EEEEF00DE3A31 /* HomeViewController.swift */; };
		2185169429A2C906003B2944 /* HamburgerTabsViewController.swift in Sources */ = {isa = PBXBuildFile; fileRef = 2185169329A2C906003B2944 /* HamburgerTabsViewController.swift */; };
		218734A3294305C80055C582 /* FirebaseAnalytics in Frameworks */ = {isa = PBXBuildFile; productRef = 218734A2294305C80055C582 /* FirebaseAnalytics */; };
		218734A829430FA00055C582 /* FirebaseAuth in Frameworks */ = {isa = PBXBuildFile; productRef = 218734A729430FA00055C582 /* FirebaseAuth */; };
		218734AA29430FB10055C582 /* FirebaseMessaging in Frameworks */ = {isa = PBXBuildFile; productRef = 218734A929430FB10055C582 /* FirebaseMessaging */; };
		2188CC7E294824B5004487C8 /* SQLite in Frameworks */ = {isa = PBXBuildFile; productRef = 2188CC7D294824B5004487C8 /* SQLite */; };
		2188CC81294825FD004487C8 /* SQLiteDB.swift in Sources */ = {isa = PBXBuildFile; fileRef = 2188CC80294825FD004487C8 /* SQLiteDB.swift */; };
		2188EF91293E80970035146D /* AppDelegate.swift in Sources */ = {isa = PBXBuildFile; fileRef = 2188EF90293E80970035146D /* AppDelegate.swift */; };
		2188EF93293E80970035146D /* SceneDelegate.swift in Sources */ = {isa = PBXBuildFile; fileRef = 2188EF92293E80970035146D /* SceneDelegate.swift */; };
		2188EF95293E80970035146D /* ViewController.swift in Sources */ = {isa = PBXBuildFile; fileRef = 2188EF94293E80970035146D /* ViewController.swift */; };
		2188EF98293E80970035146D /* Main.storyboard in Resources */ = {isa = PBXBuildFile; fileRef = 2188EF96293E80970035146D /* Main.storyboard */; };
		2188EF9D293E80990035146D /* LaunchScreen.storyboard in Resources */ = {isa = PBXBuildFile; fileRef = 2188EF9B293E80990035146D /* LaunchScreen.storyboard */; };
		2188EFC2293E852E0035146D /* HamburgerViewController.swift in Sources */ = {isa = PBXBuildFile; fileRef = 2188EFC1293E852E0035146D /* HamburgerViewController.swift */; };
		218C7704295C620900ABD8A3 /* TramiteFixViewController.swift in Sources */ = {isa = PBXBuildFile; fileRef = 218C7703295C620900ABD8A3 /* TramiteFixViewController.swift */; };
		218C7706295C682400ABD8A3 /* citasDispViewController.swift in Sources */ = {isa = PBXBuildFile; fileRef = 218C7705295C682400ABD8A3 /* citasDispViewController.swift */; };
		218C7708295C76D900ABD8A3 /* CrearCitaViewController.swift in Sources */ = {isa = PBXBuildFile; fileRef = 218C7707295C76D900ABD8A3 /* CrearCitaViewController.swift */; };
		218C770C295CA99C00ABD8A3 /* ScanViewController.swift in Sources */ = {isa = PBXBuildFile; fileRef = 218C770B295CA99C00ABD8A3 /* ScanViewController.swift */; };
		218C770E295CB61700ABD8A3 /* TelepeajeUploadViewController.swift in Sources */ = {isa = PBXBuildFile; fileRef = 218C770D295CB61700ABD8A3 /* TelepeajeUploadViewController.swift */; };
		21907AA529F0EF5F0082CDD6 /* cert_p.der in Resources */ = {isa = PBXBuildFile; fileRef = 21907AA429F0EF5F0082CDD6 /* cert_p.der */; };
		2197C3F029AEF8040087A9A6 /* CrucesViewController.swift in Sources */ = {isa = PBXBuildFile; fileRef = 2197C3EF29AEF8040087A9A6 /* CrucesViewController.swift */; };
		219E846F299965FA0090595F /* ChangeCitasListViewController.swift in Sources */ = {isa = PBXBuildFile; fileRef = 219E846E299965FA0090595F /* ChangeCitasListViewController.swift */; };
		219E84712999DF990090595F /* CamerasViewController.swift in Sources */ = {isa = PBXBuildFile; fileRef = 219E84702999DF990090595F /* CamerasViewController.swift */; };
		21B76176295A88FA004DD01A /* PostRegisterViewController.swift in Sources */ = {isa = PBXBuildFile; fileRef = 21B76175295A88FA004DD01A /* PostRegisterViewController.swift */; };
		21B76179295ACBDB004DD01A /* RSBarcodes_Swift in Frameworks */ = {isa = PBXBuildFile; productRef = 21B76178295ACBDB004DD01A /* RSBarcodes_Swift */; };
		21B90A012949FC7F0069A6B8 /* MainViewController.swift in Sources */ = {isa = PBXBuildFile; fileRef = 21B90A002949FC7F0069A6B8 /* MainViewController.swift */; };
		21B90A03294A1D220069A6B8 /* RegisterViewController.swift in Sources */ = {isa = PBXBuildFile; fileRef = 21B90A02294A1D220069A6B8 /* RegisterViewController.swift */; };
		21C29FC6294AB16900A45DAC /* LaunchScreenViewController.swift in Sources */ = {isa = PBXBuildFile; fileRef = 21C29FC5294AB16900A45DAC /* LaunchScreenViewController.swift */; };
		21C29FC9294ABA8100A45DAC /* SwiftyJSON in Frameworks */ = {isa = PBXBuildFile; productRef = 21C29FC8294ABA8100A45DAC /* SwiftyJSON */; };
		21C29FCE294ADF5200A45DAC /* NotasViewController.swift in Sources */ = {isa = PBXBuildFile; fileRef = 21C29FCD294ADF5200A45DAC /* NotasViewController.swift */; };
		21CB977A29909F47004C42C9 /* CarouselViewController.swift in Sources */ = {isa = PBXBuildFile; fileRef = 21CB977929909F47004C42C9 /* CarouselViewController.swift */; };
		21D0834B2947C840001E5D0A /* GoogleService-Info.plist in Resources */ = {isa = PBXBuildFile; fileRef = 21D0834A2947C840001E5D0A /* GoogleService-Info.plist */; };
		21D107742951AD3A00C3285C /* Alamofire in Frameworks */ = {isa = PBXBuildFile; productRef = 21D107732951AD3A00C3285C /* Alamofire */; };
		21D7F6C12991223000BA2299 /* VehiculosViewController.swift in Sources */ = {isa = PBXBuildFile; fileRef = 21D7F6C02991223000BA2299 /* VehiculosViewController.swift */; };
		21DFDADE294518C200BA8BD1 /* LoginViewController.swift in Sources */ = {isa = PBXBuildFile; fileRef = 21DFDADD294518C200BA8BD1 /* LoginViewController.swift */; };
		21E01E39297759EE00B58495 /* BanortePaymentViewController.swift in Sources */ = {isa = PBXBuildFile; fileRef = 21E01E38297759EE00B58495 /* BanortePaymentViewController.swift */; };
		21E40B49295EAF56004F4A90 /* PreChangePassViewController.swift in Sources */ = {isa = PBXBuildFile; fileRef = 21E40B48295EAF56004F4A90 /* PreChangePassViewController.swift */; };
		21E40B4B295EC7B2004F4A90 /* ForgotPassViewController.swift in Sources */ = {isa = PBXBuildFile; fileRef = 21E40B4A295EC7B2004F4A90 /* ForgotPassViewController.swift */; };
		21F0750C29502EE000CEFAC2 /* SDWebImage in Frameworks */ = {isa = PBXBuildFile; productRef = 21F0750B29502EE000CEFAC2 /* SDWebImage */; };
		21F0750E29503EBD00CEFAC2 /* TramitesViewController.swift in Sources */ = {isa = PBXBuildFile; fileRef = 21F0750D29503EBD00CEFAC2 /* TramitesViewController.swift */; };
		21F0751029504CF200CEFAC2 /* SolInscripcionViewController.swift in Sources */ = {isa = PBXBuildFile; fileRef = 21F0750F29504CF200CEFAC2 /* SolInscripcionViewController.swift */; };
		21FD697F29A44BA5005EBE71 /* Style.yaml in Resources */ = {isa = PBXBuildFile; fileRef = 21FD697E29A44BA5005EBE71 /* Style.yaml */; };
		482022A31E04E569C49F4107 /* Pods_LineaExpres.framework in Frameworks */ = {isa = PBXBuildFile; fileRef = 74B72019B07B29F20D6CC019 /* Pods_LineaExpres.framework */; };
		58EB90122C4192E100E079DF /* AssetsNew.xcassets in Resources */ = {isa = PBXBuildFile; fileRef = 58EB90112C4192E100E079DF /* AssetsNew.xcassets */; };
/* End PBXBuildFile section */

/* Begin PBXContainerItemProxy section */
		2188EFA4293E80990035146D /* PBXContainerItemProxy */ = {
			isa = PBXContainerItemProxy;
			containerPortal = 2188EF85293E80970035146D /* Project object */;
			proxyType = 1;
			remoteGlobalIDString = 2188EF8C293E80970035146D;
			remoteInfo = LineaExpres;
		};
		2188EFAE293E80990035146D /* PBXContainerItemProxy */ = {
			isa = PBXContainerItemProxy;
			containerPortal = 2188EF85293E80970035146D /* Project object */;
			proxyType = 1;
			remoteGlobalIDString = 2188EF8C293E80970035146D;
			remoteInfo = LineaExpres;
		};
/* End PBXContainerItemProxy section */

/* Begin PBXCopyFilesBuildPhase section */
		21DFDADC2944E93400BA8BD1 /* Embed Foundation Extensions */ = {
			isa = PBXCopyFilesBuildPhase;
			buildActionMask = 2147483647;
			dstPath = "";
			dstSubfolderSpec = 13;
			files = (
			);
			name = "Embed Foundation Extensions";
			runOnlyForDeploymentPostprocessing = 0;
		};
/* End PBXCopyFilesBuildPhase section */

/* Begin PBXFileReference section */
		210046352A0EFC2D007A66E2 /* ContactanosViewController.swift */ = {isa = PBXFileReference; lastKnownFileType = sourcecode.swift; path = ContactanosViewController.swift; sourceTree = "<group>"; };
		2109C012295268BF0072CC2B /* ProfileViewController.swift */ = {isa = PBXFileReference; lastKnownFileType = sourcecode.swift; path = ProfileViewController.swift; sourceTree = "<group>"; };
		2109C0142952DCE80072CC2B /* PaymentViewController.swift */ = {isa = PBXFileReference; lastKnownFileType = sourcecode.swift; path = PaymentViewController.swift; sourceTree = "<group>"; };
		2109C016295314110072CC2B /* TramitesPendViewController.swift */ = {isa = PBXFileReference; lastKnownFileType = sourcecode.swift; path = TramitesPendViewController.swift; sourceTree = "<group>"; };
		2109C0182953323E0072CC2B /* ChangeEmailViewController.swift */ = {isa = PBXFileReference; lastKnownFileType = sourcecode.swift; path = ChangeEmailViewController.swift; sourceTree = "<group>"; };
		2109C01A29533BEA0072CC2B /* ChangePassViewController.swift */ = {isa = PBXFileReference; lastKnownFileType = sourcecode.swift; path = ChangePassViewController.swift; sourceTree = "<group>"; };
		213CCA4729A43E060029F154 /* DatosFacturacionViewController.swift */ = {isa = PBXFileReference; lastKnownFileType = sourcecode.swift; path = DatosFacturacionViewController.swift; sourceTree = "<group>"; };
		213D841129541550008F046C /* VehicleViewController.swift */ = {isa = PBXFileReference; lastKnownFileType = sourcecode.swift; path = VehicleViewController.swift; sourceTree = "<group>"; };
		213D841B29547C1C008F046C /* showVehiclesViewController.swift */ = {isa = PBXFileReference; lastKnownFileType = sourcecode.swift; path = showVehiclesViewController.swift; sourceTree = "<group>"; };
		213D841D295488E2008F046C /* EscogerCantidadViewController.swift */ = {isa = PBXFileReference; lastKnownFileType = sourcecode.swift; path = EscogerCantidadViewController.swift; sourceTree = "<group>"; };
		215904A029FB55BD0052FA24 /* ChecaInternet.swift */ = {isa = PBXFileReference; lastKnownFileType = sourcecode.swift; path = ChecaInternet.swift; sourceTree = "<group>"; };
		216FD560293EEEEF00DE3A31 /* HomeViewController.swift */ = {isa = PBXFileReference; lastKnownFileType = sourcecode.swift; path = HomeViewController.swift; sourceTree = "<group>"; };
		2185169329A2C906003B2944 /* HamburgerTabsViewController.swift */ = {isa = PBXFileReference; lastKnownFileType = sourcecode.swift; path = HamburgerTabsViewController.swift; sourceTree = "<group>"; };
		218734AB294316730055C582 /* LineaExpres.entitlements */ = {isa = PBXFileReference; lastKnownFileType = text.plist.entitlements; path = LineaExpres.entitlements; sourceTree = "<group>"; };
		2188CC80294825FD004487C8 /* SQLiteDB.swift */ = {isa = PBXFileReference; lastKnownFileType = sourcecode.swift; path = SQLiteDB.swift; sourceTree = "<group>"; };
		2188EF8D293E80970035146D /* LineaExpres.app */ = {isa = PBXFileReference; explicitFileType = wrapper.application; includeInIndex = 0; path = LineaExpres.app; sourceTree = BUILT_PRODUCTS_DIR; };
		2188EF90293E80970035146D /* AppDelegate.swift */ = {isa = PBXFileReference; lastKnownFileType = sourcecode.swift; path = AppDelegate.swift; sourceTree = "<group>"; };
		2188EF92293E80970035146D /* SceneDelegate.swift */ = {isa = PBXFileReference; lastKnownFileType = sourcecode.swift; path = SceneDelegate.swift; sourceTree = "<group>"; };
		2188EF94293E80970035146D /* ViewController.swift */ = {isa = PBXFileReference; lastKnownFileType = sourcecode.swift; path = ViewController.swift; sourceTree = "<group>"; };
		2188EF97293E80970035146D /* Base */ = {isa = PBXFileReference; lastKnownFileType = file.storyboard; name = Base; path = Base.lproj/Main.storyboard; sourceTree = "<group>"; };
		2188EF9C293E80990035146D /* Base */ = {isa = PBXFileReference; lastKnownFileType = file.storyboard; name = Base; path = Base.lproj/LaunchScreen.storyboard; sourceTree = "<group>"; };
		2188EF9E293E80990035146D /* Info.plist */ = {isa = PBXFileReference; lastKnownFileType = text.plist.xml; path = Info.plist; sourceTree = "<group>"; };
		2188EFA3293E80990035146D /* LineaExpresTests.xctest */ = {isa = PBXFileReference; explicitFileType = wrapper.cfbundle; includeInIndex = 0; path = LineaExpresTests.xctest; sourceTree = BUILT_PRODUCTS_DIR; };
		2188EFAD293E80990035146D /* LineaExpresUITests.xctest */ = {isa = PBXFileReference; explicitFileType = wrapper.cfbundle; includeInIndex = 0; path = LineaExpresUITests.xctest; sourceTree = BUILT_PRODUCTS_DIR; };
		2188EFC1293E852E0035146D /* HamburgerViewController.swift */ = {isa = PBXFileReference; lastKnownFileType = sourcecode.swift; path = HamburgerViewController.swift; sourceTree = "<group>"; };
		218C7703295C620900ABD8A3 /* TramiteFixViewController.swift */ = {isa = PBXFileReference; lastKnownFileType = sourcecode.swift; path = TramiteFixViewController.swift; sourceTree = "<group>"; };
		218C7705295C682400ABD8A3 /* citasDispViewController.swift */ = {isa = PBXFileReference; lastKnownFileType = sourcecode.swift; path = citasDispViewController.swift; sourceTree = "<group>"; };
		218C7707295C76D900ABD8A3 /* CrearCitaViewController.swift */ = {isa = PBXFileReference; lastKnownFileType = sourcecode.swift; path = CrearCitaViewController.swift; sourceTree = "<group>"; };
		218C770B295CA99C00ABD8A3 /* ScanViewController.swift */ = {isa = PBXFileReference; lastKnownFileType = sourcecode.swift; path = ScanViewController.swift; sourceTree = "<group>"; };
		218C770D295CB61700ABD8A3 /* TelepeajeUploadViewController.swift */ = {isa = PBXFileReference; lastKnownFileType = sourcecode.swift; path = TelepeajeUploadViewController.swift; sourceTree = "<group>"; };
		21907AA229F0EA6B0082CDD6 /* cert_p.der */ = {isa = PBXFileReference; lastKnownFileType = file; path = cert_p.der; sourceTree = "<group>"; };
		21907AA429F0EF5F0082CDD6 /* cert_p.der */ = {isa = PBXFileReference; lastKnownFileType = file; name = cert_p.der; path = LineaExpres/cert_p.der; sourceTree = "<group>"; };
		2197C3EF29AEF8040087A9A6 /* CrucesViewController.swift */ = {isa = PBXFileReference; lastKnownFileType = sourcecode.swift; path = CrucesViewController.swift; sourceTree = "<group>"; };
		219E846E299965FA0090595F /* ChangeCitasListViewController.swift */ = {isa = PBXFileReference; lastKnownFileType = sourcecode.swift; path = ChangeCitasListViewController.swift; sourceTree = "<group>"; };
		219E84702999DF990090595F /* CamerasViewController.swift */ = {isa = PBXFileReference; lastKnownFileType = sourcecode.swift; path = CamerasViewController.swift; sourceTree = "<group>"; };
		21B76175295A88FA004DD01A /* PostRegisterViewController.swift */ = {isa = PBXFileReference; lastKnownFileType = sourcecode.swift; path = PostRegisterViewController.swift; sourceTree = "<group>"; };
		21B90A002949FC7F0069A6B8 /* MainViewController.swift */ = {isa = PBXFileReference; lastKnownFileType = sourcecode.swift; path = MainViewController.swift; sourceTree = "<group>"; };
		21B90A02294A1D220069A6B8 /* RegisterViewController.swift */ = {isa = PBXFileReference; lastKnownFileType = sourcecode.swift; path = RegisterViewController.swift; sourceTree = "<group>"; };
		21C29FC5294AB16900A45DAC /* LaunchScreenViewController.swift */ = {isa = PBXFileReference; lastKnownFileType = sourcecode.swift; path = LaunchScreenViewController.swift; sourceTree = "<group>"; };
		21C29FCD294ADF5200A45DAC /* NotasViewController.swift */ = {isa = PBXFileReference; lastKnownFileType = sourcecode.swift; path = NotasViewController.swift; sourceTree = "<group>"; };
		21CB977929909F47004C42C9 /* CarouselViewController.swift */ = {isa = PBXFileReference; lastKnownFileType = sourcecode.swift; path = CarouselViewController.swift; sourceTree = "<group>"; };
		21D0834A2947C840001E5D0A /* GoogleService-Info.plist */ = {isa = PBXFileReference; fileEncoding = 4; lastKnownFileType = text.plist.xml; path = "GoogleService-Info.plist"; sourceTree = "<group>"; };
		21D22C8229EA167500CFDFA9 /* AvenirNextLTPro-Bold.ttf */ = {isa = PBXFileReference; lastKnownFileType = file; path = "AvenirNextLTPro-Bold.ttf"; sourceTree = "<group>"; };
		21D22C8329EA167500CFDFA9 /* AvenirNextLTPro-It.otf */ = {isa = PBXFileReference; lastKnownFileType = file; path = "AvenirNextLTPro-It.otf"; sourceTree = "<group>"; };
		21D22C8429EA167500CFDFA9 /* AvenirNextLTPro-Regular.ttf */ = {isa = PBXFileReference; lastKnownFileType = file; path = "AvenirNextLTPro-Regular.ttf"; sourceTree = "<group>"; };
		21D7F6C02991223000BA2299 /* VehiculosViewController.swift */ = {isa = PBXFileReference; lastKnownFileType = sourcecode.swift; path = VehiculosViewController.swift; sourceTree = "<group>"; };
		21DFDADD294518C200BA8BD1 /* LoginViewController.swift */ = {isa = PBXFileReference; lastKnownFileType = sourcecode.swift; path = LoginViewController.swift; sourceTree = "<group>"; };
		21E01E38297759EE00B58495 /* BanortePaymentViewController.swift */ = {isa = PBXFileReference; lastKnownFileType = sourcecode.swift; path = BanortePaymentViewController.swift; sourceTree = "<group>"; };
		21E40B48295EAF56004F4A90 /* PreChangePassViewController.swift */ = {isa = PBXFileReference; lastKnownFileType = sourcecode.swift; path = PreChangePassViewController.swift; sourceTree = "<group>"; };
		21E40B4A295EC7B2004F4A90 /* ForgotPassViewController.swift */ = {isa = PBXFileReference; lastKnownFileType = sourcecode.swift; path = ForgotPassViewController.swift; sourceTree = "<group>"; };
		21F0750D29503EBD00CEFAC2 /* TramitesViewController.swift */ = {isa = PBXFileReference; lastKnownFileType = sourcecode.swift; path = TramitesViewController.swift; sourceTree = "<group>"; };
		21F0750F29504CF200CEFAC2 /* SolInscripcionViewController.swift */ = {isa = PBXFileReference; lastKnownFileType = sourcecode.swift; path = SolInscripcionViewController.swift; sourceTree = "<group>"; };
		21FD697E29A44BA5005EBE71 /* Style.yaml */ = {isa = PBXFileReference; lastKnownFileType = text.yaml; path = Style.yaml; sourceTree = "<group>"; };
		456BF75A47810C27AC4B65DE /* Pods-LineaExpres.debug.xcconfig */ = {isa = PBXFileReference; includeInIndex = 1; lastKnownFileType = text.xcconfig; name = "Pods-LineaExpres.debug.xcconfig"; path = "Target Support Files/Pods-LineaExpres/Pods-LineaExpres.debug.xcconfig"; sourceTree = "<group>"; };
		58EB90112C4192E100E079DF /* AssetsNew.xcassets */ = {isa = PBXFileReference; lastKnownFileType = folder.assetcatalog; path = AssetsNew.xcassets; sourceTree = "<group>"; };
		74B72019B07B29F20D6CC019 /* Pods_LineaExpres.framework */ = {isa = PBXFileReference; explicitFileType = wrapper.framework; includeInIndex = 0; path = Pods_LineaExpres.framework; sourceTree = BUILT_PRODUCTS_DIR; };
		ECE71D420B620656F13D009D /* Pods-LineaExpres.release.xcconfig */ = {isa = PBXFileReference; includeInIndex = 1; lastKnownFileType = text.xcconfig; name = "Pods-LineaExpres.release.xcconfig"; path = "Target Support Files/Pods-LineaExpres/Pods-LineaExpres.release.xcconfig"; sourceTree = "<group>"; };
/* End PBXFileReference section */

/* Begin PBXFrameworksBuildPhase section */
		2188EF8A293E80970035146D /* Frameworks */ = {
			isa = PBXFrameworksBuildPhase;
			buildActionMask = 2147483647;
			files = (
				21F0750C29502EE000CEFAC2 /* SDWebImage in Frameworks */,
				21D107742951AD3A00C3285C /* Alamofire in Frameworks */,
				21B76179295ACBDB004DD01A /* RSBarcodes_Swift in Frameworks */,
				2188CC7E294824B5004487C8 /* SQLite in Frameworks */,
				218734AA29430FB10055C582 /* FirebaseMessaging in Frameworks */,
				218734A3294305C80055C582 /* FirebaseAnalytics in Frameworks */,
				213D841A29544E27008F046C /* Stripe in Frameworks */,
				21C29FC9294ABA8100A45DAC /* SwiftyJSON in Frameworks */,
				218734A829430FA00055C582 /* FirebaseAuth in Frameworks */,
				213D8418295431EA008F046C /* StripePaymentSheet in Frameworks */,
				482022A31E04E569C49F4107 /* Pods_LineaExpres.framework in Frameworks */,
			);
			runOnlyForDeploymentPostprocessing = 0;
		};
		2188EFA0293E80990035146D /* Frameworks */ = {
			isa = PBXFrameworksBuildPhase;
			buildActionMask = 2147483647;
			files = (
			);
			runOnlyForDeploymentPostprocessing = 0;
		};
		2188EFAA293E80990035146D /* Frameworks */ = {
			isa = PBXFrameworksBuildPhase;
			buildActionMask = 2147483647;
			files = (
			);
			runOnlyForDeploymentPostprocessing = 0;
		};
/* End PBXFrameworksBuildPhase section */

/* Begin PBXGroup section */
		2188CC7F294825C4004487C8 /* SQLITE */ = {
			isa = PBXGroup;
			children = (
				2188CC80294825FD004487C8 /* SQLiteDB.swift */,
			);
			path = SQLITE;
			sourceTree = "<group>";
		};
		2188EF84293E80970035146D = {
			isa = PBXGroup;
			children = (
				58EB90112C4192E100E079DF /* AssetsNew.xcassets */,
				21907AA429F0EF5F0082CDD6 /* cert_p.der */,
				21D0834A2947C840001E5D0A /* GoogleService-Info.plist */,
				456ABC6A5D8B4ABA3481B8F5 /* Frameworks */,
				2188EF8F293E80970035146D /* LineaExpres */,
				424107E4D6B1A984DA112EEA /* Pods */,
				2188EF8E293E80970035146D /* Products */,
			);
			sourceTree = "<group>";
		};
		2188EF8E293E80970035146D /* Products */ = {
			isa = PBXGroup;
			children = (
				2188EF8D293E80970035146D /* LineaExpres.app */,
				2188EFA3293E80990035146D /* LineaExpresTests.xctest */,
				2188EFAD293E80990035146D /* LineaExpresUITests.xctest */,
			);
			name = Products;
			sourceTree = "<group>";
		};
		2188EF8F293E80970035146D /* LineaExpres */ = {
			isa = PBXGroup;
			children = (
				21907AA229F0EA6B0082CDD6 /* cert_p.der */,
				2188CC7F294825C4004487C8 /* SQLITE */,
				21D0834C2947E58E001E5D0A /* fonts */,
				218734AB294316730055C582 /* LineaExpres.entitlements */,
				2188EFC0293E84FE0035146D /* Controller */,
				2188EF90293E80970035146D /* AppDelegate.swift */,
				2188EF92293E80970035146D /* SceneDelegate.swift */,
				2188EF94293E80970035146D /* ViewController.swift */,
				2188EF96293E80970035146D /* Main.storyboard */,
				2188EF9B293E80990035146D /* LaunchScreen.storyboard */,
				2188EF9E293E80990035146D /* Info.plist */,
				21C29FC5294AB16900A45DAC /* LaunchScreenViewController.swift */,
				21FD697E29A44BA5005EBE71 /* Style.yaml */,
			);
			path = LineaExpres;
			sourceTree = "<group>";
		};
		2188EFC0293E84FE0035146D /* Controller */ = {
			isa = PBXGroup;
			children = (
				21E01E38297759EE00B58495 /* BanortePaymentViewController.swift */,
				219E84702999DF990090595F /* CamerasViewController.swift */,
				21CB977929909F47004C42C9 /* CarouselViewController.swift */,
				219E846E299965FA0090595F /* ChangeCitasListViewController.swift */,
				2109C0182953323E0072CC2B /* ChangeEmailViewController.swift */,
				2109C01A29533BEA0072CC2B /* ChangePassViewController.swift */,
				215904A029FB55BD0052FA24 /* ChecaInternet.swift */,
				218C7705295C682400ABD8A3 /* citasDispViewController.swift */,
				210046352A0EFC2D007A66E2 /* ContactanosViewController.swift */,
				218C7707295C76D900ABD8A3 /* CrearCitaViewController.swift */,
				2197C3EF29AEF8040087A9A6 /* CrucesViewController.swift */,
				213CCA4729A43E060029F154 /* DatosFacturacionViewController.swift */,
				213D841D295488E2008F046C /* EscogerCantidadViewController.swift */,
				21E40B4A295EC7B2004F4A90 /* ForgotPassViewController.swift */,
				2185169329A2C906003B2944 /* HamburgerTabsViewController.swift */,
				2188EFC1293E852E0035146D /* HamburgerViewController.swift */,
				216FD560293EEEEF00DE3A31 /* HomeViewController.swift */,
				21DFDADD294518C200BA8BD1 /* LoginViewController.swift */,
				21B90A002949FC7F0069A6B8 /* MainViewController.swift */,
				21C29FCD294ADF5200A45DAC /* NotasViewController.swift */,
				2109C0142952DCE80072CC2B /* PaymentViewController.swift */,
				21B76175295A88FA004DD01A /* PostRegisterViewController.swift */,
				21E40B48295EAF56004F4A90 /* PreChangePassViewController.swift */,
				2109C012295268BF0072CC2B /* ProfileViewController.swift */,
				21B90A02294A1D220069A6B8 /* RegisterViewController.swift */,
				218C770B295CA99C00ABD8A3 /* ScanViewController.swift */,
				213D841B29547C1C008F046C /* showVehiclesViewController.swift */,
				21F0750F29504CF200CEFAC2 /* SolInscripcionViewController.swift */,
				218C770D295CB61700ABD8A3 /* TelepeajeUploadViewController.swift */,
				218C7703295C620900ABD8A3 /* TramiteFixViewController.swift */,
				2109C016295314110072CC2B /* TramitesPendViewController.swift */,
				21F0750D29503EBD00CEFAC2 /* TramitesViewController.swift */,
				213D841129541550008F046C /* VehicleViewController.swift */,
				21D7F6C02991223000BA2299 /* VehiculosViewController.swift */,
			);
			name = "\U0010Controller";
			path = /Users/cashamerica04/Documents/workspace/projects/PuentesFronterizos/LineaExpres/LineaExpres/_Controller;
			sourceTree = "<absolute>";
		};
		21D0834C2947E58E001E5D0A /* fonts */ = {
			isa = PBXGroup;
			children = (
				21D22C8229EA167500CFDFA9 /* AvenirNextLTPro-Bold.ttf */,
				21D22C8329EA167500CFDFA9 /* AvenirNextLTPro-It.otf */,
				21D22C8429EA167500CFDFA9 /* AvenirNextLTPro-Regular.ttf */,
			);
			path = fonts;
			sourceTree = "<group>";
		};
		424107E4D6B1A984DA112EEA /* Pods */ = {
			isa = PBXGroup;
			children = (
				456BF75A47810C27AC4B65DE /* Pods-LineaExpres.debug.xcconfig */,
				ECE71D420B620656F13D009D /* Pods-LineaExpres.release.xcconfig */,
			);
			path = Pods;
			sourceTree = "<group>";
		};
		456ABC6A5D8B4ABA3481B8F5 /* Frameworks */ = {
			isa = PBXGroup;
			children = (
				74B72019B07B29F20D6CC019 /* Pods_LineaExpres.framework */,
			);
			name = Frameworks;
			sourceTree = "<group>";
		};
/* End PBXGroup section */

/* Begin PBXNativeTarget section */
		2188EF8C293E80970035146D /* LineaExpres */ = {
			isa = PBXNativeTarget;
			buildConfigurationList = 2188EFB7293E80990035146D /* Build configuration list for PBXNativeTarget "LineaExpres" */;
			buildPhases = (
				765C85F8F76E650F57E3BF46 /* [CP] Check Pods Manifest.lock */,
				2188EF89293E80970035146D /* Sources */,
				2188EF8A293E80970035146D /* Frameworks */,
				2188EF8B293E80970035146D /* Resources */,
				21DFDADC2944E93400BA8BD1 /* Embed Foundation Extensions */,
				56102670733229F7B49D1B42 /* [CP] Embed Pods Frameworks */,
			);
			buildRules = (
			);
			dependencies = (
			);
			name = LineaExpres;
			packageProductDependencies = (
				218734A2294305C80055C582 /* FirebaseAnalytics */,
				218734A729430FA00055C582 /* FirebaseAuth */,
				218734A929430FB10055C582 /* FirebaseMessaging */,
				2188CC7D294824B5004487C8 /* SQLite */,
				21C29FC8294ABA8100A45DAC /* SwiftyJSON */,
				21F0750B29502EE000CEFAC2 /* SDWebImage */,
				21D107732951AD3A00C3285C /* Alamofire */,
				213D8417295431EA008F046C /* StripePaymentSheet */,
				213D841929544E27008F046C /* Stripe */,
				21B76178295ACBDB004DD01A /* RSBarcodes_Swift */,
			);
			productName = LineaExpres;
			productReference = 2188EF8D293E80970035146D /* LineaExpres.app */;
			productType = "com.apple.product-type.application";
		};
		2188EFA2293E80990035146D /* LineaExpresTests */ = {
			isa = PBXNativeTarget;
			buildConfigurationList = 2188EFBA293E80990035146D /* Build configuration list for PBXNativeTarget "LineaExpresTests" */;
			buildPhases = (
				2188EF9F293E80990035146D /* Sources */,
				2188EFA0293E80990035146D /* Frameworks */,
				2188EFA1293E80990035146D /* Resources */,
			);
			buildRules = (
			);
			dependencies = (
				2188EFA5293E80990035146D /* PBXTargetDependency */,
			);
			name = LineaExpresTests;
			productName = LineaExpresTests;
			productReference = 2188EFA3293E80990035146D /* LineaExpresTests.xctest */;
			productType = "com.apple.product-type.bundle.unit-test";
		};
		2188EFAC293E80990035146D /* LineaExpresUITests */ = {
			isa = PBXNativeTarget;
			buildConfigurationList = 2188EFBD293E80990035146D /* Build configuration list for PBXNativeTarget "LineaExpresUITests" */;
			buildPhases = (
				2188EFA9293E80990035146D /* Sources */,
				2188EFAA293E80990035146D /* Frameworks */,
				2188EFAB293E80990035146D /* Resources */,
			);
			buildRules = (
			);
			dependencies = (
				2188EFAF293E80990035146D /* PBXTargetDependency */,
			);
			name = LineaExpresUITests;
			productName = LineaExpresUITests;
			productReference = 2188EFAD293E80990035146D /* LineaExpresUITests.xctest */;
			productType = "com.apple.product-type.bundle.ui-testing";
		};
/* End PBXNativeTarget section */

/* Begin PBXProject section */
		2188EF85293E80970035146D /* Project object */ = {
			isa = PBXProject;
			attributes = {
				BuildIndependentTargetsInParallel = 1;
				LastSwiftUpdateCheck = 1410;
				LastUpgradeCheck = 1410;
				TargetAttributes = {
					2188EF8C293E80970035146D = {
						CreatedOnToolsVersion = 14.1;
					};
					2188EFA2293E80990035146D = {
						CreatedOnToolsVersion = 14.1;
						TestTargetID = 2188EF8C293E80970035146D;
					};
					2188EFAC293E80990035146D = {
						CreatedOnToolsVersion = 14.1;
						TestTargetID = 2188EF8C293E80970035146D;
					};
				};
			};
			buildConfigurationList = 2188EF88293E80970035146D /* Build configuration list for PBXProject "LineaExpres" */;
			compatibilityVersion = "Xcode 14.0";
			developmentRegion = en;
			hasScannedForEncodings = 0;
			knownRegions = (
				en,
				Base,
			);
			mainGroup = 2188EF84293E80970035146D;
			packageReferences = (
				218734A1294305C80055C582 /* XCRemoteSwiftPackageReference "firebase-ios-sdk" */,
				2188CC7C294824B5004487C8 /* XCRemoteSwiftPackageReference "SQLite.swift" */,
				21C29FC7294ABA8100A45DAC /* XCRemoteSwiftPackageReference "SwiftyJSON" */,
				21F0750A29502EDF00CEFAC2 /* XCRemoteSwiftPackageReference "SDWebImage" */,
				21D107722951AD3A00C3285C /* XCRemoteSwiftPackageReference "Alamofire" */,
				213D8416295431EA008F046C /* XCRemoteSwiftPackageReference "stripe-ios-spm" */,
				21B76177295ACBDB004DD01A /* XCRemoteSwiftPackageReference "RSBarcodes_Swift" */,
			);
			productRefGroup = 2188EF8E293E80970035146D /* Products */;
			projectDirPath = "";
			projectRoot = "";
			targets = (
				2188EF8C293E80970035146D /* LineaExpres */,
				2188EFA2293E80990035146D /* LineaExpresTests */,
				2188EFAC293E80990035146D /* LineaExpresUITests */,
			);
		};
/* End PBXProject section */

/* Begin PBXResourcesBuildPhase section */
		2188EF8B293E80970035146D /* Resources */ = {
			isa = PBXResourcesBuildPhase;
			buildActionMask = 2147483647;
			files = (
				21907AA529F0EF5F0082CDD6 /* cert_p.der in Resources */,
				2188EF9D293E80990035146D /* LaunchScreen.storyboard in Resources */,
				21D0834B2947C840001E5D0A /* GoogleService-Info.plist in Resources */,
				58EB90122C4192E100E079DF /* AssetsNew.xcassets in Resources */,
				21FD697F29A44BA5005EBE71 /* Style.yaml in Resources */,
				2188EF98293E80970035146D /* Main.storyboard in Resources */,
			);
			runOnlyForDeploymentPostprocessing = 0;
		};
		2188EFA1293E80990035146D /* Resources */ = {
			isa = PBXResourcesBuildPhase;
			buildActionMask = 2147483647;
			files = (
			);
			runOnlyForDeploymentPostprocessing = 0;
		};
		2188EFAB293E80990035146D /* Resources */ = {
			isa = PBXResourcesBuildPhase;
			buildActionMask = 2147483647;
			files = (
			);
			runOnlyForDeploymentPostprocessing = 0;
		};
/* End PBXResourcesBuildPhase section */

/* Begin PBXShellScriptBuildPhase section */
		56102670733229F7B49D1B42 /* [CP] Embed Pods Frameworks */ = {
			isa = PBXShellScriptBuildPhase;
			buildActionMask = 2147483647;
			files = (
			);
			inputFileListPaths = (
				"${PODS_ROOT}/Target Support Files/Pods-LineaExpres/Pods-LineaExpres-frameworks-${CONFIGURATION}-input-files.xcfilelist",
			);
			name = "[CP] Embed Pods Frameworks";
			outputFileListPaths = (
				"${PODS_ROOT}/Target Support Files/Pods-LineaExpres/Pods-LineaExpres-frameworks-${CONFIGURATION}-output-files.xcfilelist",
			);
			runOnlyForDeploymentPostprocessing = 0;
			shellPath = /bin/sh;
			shellScript = "\"${PODS_ROOT}/Target Support Files/Pods-LineaExpres/Pods-LineaExpres-frameworks.sh\"\n";
			showEnvVarsInLog = 0;
		};
		765C85F8F76E650F57E3BF46 /* [CP] Check Pods Manifest.lock */ = {
			isa = PBXShellScriptBuildPhase;
			buildActionMask = 2147483647;
			files = (
			);
			inputFileListPaths = (
			);
			inputPaths = (
				"${PODS_PODFILE_DIR_PATH}/Podfile.lock",
				"${PODS_ROOT}/Manifest.lock",
			);
			name = "[CP] Check Pods Manifest.lock";
			outputFileListPaths = (
			);
			outputPaths = (
				"$(DERIVED_FILE_DIR)/Pods-LineaExpres-checkManifestLockResult.txt",
			);
			runOnlyForDeploymentPostprocessing = 0;
			shellPath = /bin/sh;
			shellScript = "diff \"${PODS_PODFILE_DIR_PATH}/Podfile.lock\" \"${PODS_ROOT}/Manifest.lock\" > /dev/null\nif [ $? != 0 ] ; then\n    # print error to STDERR\n    echo \"error: The sandbox is not in sync with the Podfile.lock. Run 'pod install' or update your CocoaPods installation.\" >&2\n    exit 1\nfi\n# This output is used by Xcode 'outputs' to avoid re-running this script phase.\necho \"SUCCESS\" > \"${SCRIPT_OUTPUT_FILE_0}\"\n";
			showEnvVarsInLog = 0;
		};
/* End PBXShellScriptBuildPhase section */

/* Begin PBXSourcesBuildPhase section */
		2188EF89293E80970035146D /* Sources */ = {
			isa = PBXSourcesBuildPhase;
			buildActionMask = 2147483647;
			files = (
				2185169429A2C906003B2944 /* HamburgerTabsViewController.swift in Sources */,
				215904A129FB55BD0052FA24 /* ChecaInternet.swift in Sources */,
				213D841229541550008F046C /* VehicleViewController.swift in Sources */,
				21B90A03294A1D220069A6B8 /* RegisterViewController.swift in Sources */,
				210046362A0EFC2D007A66E2 /* ContactanosViewController.swift in Sources */,
				21B76176295A88FA004DD01A /* PostRegisterViewController.swift in Sources */,
				21DFDADE294518C200BA8BD1 /* LoginViewController.swift in Sources */,
				216FD561293EEEEF00DE3A31 /* HomeViewController.swift in Sources */,
				213D841C29547C1C008F046C /* showVehiclesViewController.swift in Sources */,
				21E40B4B295EC7B2004F4A90 /* ForgotPassViewController.swift in Sources */,
				2109C01B29533BEA0072CC2B /* ChangePassViewController.swift in Sources */,
				2109C017295314110072CC2B /* TramitesPendViewController.swift in Sources */,
				219E84712999DF990090595F /* CamerasViewController.swift in Sources */,
				21D7F6C12991223000BA2299 /* VehiculosViewController.swift in Sources */,
				21F0750E29503EBD00CEFAC2 /* TramitesViewController.swift in Sources */,
				2109C013295268BF0072CC2B /* ProfileViewController.swift in Sources */,
				218C7706295C682400ABD8A3 /* citasDispViewController.swift in Sources */,
				2197C3F029AEF8040087A9A6 /* CrucesViewController.swift in Sources */,
				2109C0192953323E0072CC2B /* ChangeEmailViewController.swift in Sources */,
				21E01E39297759EE00B58495 /* BanortePaymentViewController.swift in Sources */,
				21F0751029504CF200CEFAC2 /* SolInscripcionViewController.swift in Sources */,
				2188EFC2293E852E0035146D /* HamburgerViewController.swift in Sources */,
				2109C0152952DCE80072CC2B /* PaymentViewController.swift in Sources */,
				213CCA4829A43E060029F154 /* DatosFacturacionViewController.swift in Sources */,
				21C29FCE294ADF5200A45DAC /* NotasViewController.swift in Sources */,
				218C770E295CB61700ABD8A3 /* TelepeajeUploadViewController.swift in Sources */,
				21E40B49295EAF56004F4A90 /* PreChangePassViewController.swift in Sources */,
				213D841E295488E2008F046C /* EscogerCantidadViewController.swift in Sources */,
				2188EF95293E80970035146D /* ViewController.swift in Sources */,
				2188EF91293E80970035146D /* AppDelegate.swift in Sources */,
				2188EF93293E80970035146D /* SceneDelegate.swift in Sources */,
				219E846F299965FA0090595F /* ChangeCitasListViewController.swift in Sources */,
				2188CC81294825FD004487C8 /* SQLiteDB.swift in Sources */,
				218C7704295C620900ABD8A3 /* TramiteFixViewController.swift in Sources */,
				21C29FC6294AB16900A45DAC /* LaunchScreenViewController.swift in Sources */,
				21B90A012949FC7F0069A6B8 /* MainViewController.swift in Sources */,
				21CB977A29909F47004C42C9 /* CarouselViewController.swift in Sources */,
				218C7708295C76D900ABD8A3 /* CrearCitaViewController.swift in Sources */,
				218C770C295CA99C00ABD8A3 /* ScanViewController.swift in Sources */,
			);
			runOnlyForDeploymentPostprocessing = 0;
		};
		2188EF9F293E80990035146D /* Sources */ = {
			isa = PBXSourcesBuildPhase;
			buildActionMask = 2147483647;
			files = (
			);
			runOnlyForDeploymentPostprocessing = 0;
		};
		2188EFA9293E80990035146D /* Sources */ = {
			isa = PBXSourcesBuildPhase;
			buildActionMask = 2147483647;
			files = (
			);
			runOnlyForDeploymentPostprocessing = 0;
		};
/* End PBXSourcesBuildPhase section */

/* Begin PBXTargetDependency section */
		2188EFA5293E80990035146D /* PBXTargetDependency */ = {
			isa = PBXTargetDependency;
			target = 2188EF8C293E80970035146D /* LineaExpres */;
			targetProxy = 2188EFA4293E80990035146D /* PBXContainerItemProxy */;
		};
		2188EFAF293E80990035146D /* PBXTargetDependency */ = {
			isa = PBXTargetDependency;
			target = 2188EF8C293E80970035146D /* LineaExpres */;
			targetProxy = 2188EFAE293E80990035146D /* PBXContainerItemProxy */;
		};
/* End PBXTargetDependency section */

/* Begin PBXVariantGroup section */
		2188EF96293E80970035146D /* Main.storyboard */ = {
			isa = PBXVariantGroup;
			children = (
				2188EF97293E80970035146D /* Base */,
			);
			name = Main.storyboard;
			sourceTree = "<group>";
		};
		2188EF9B293E80990035146D /* LaunchScreen.storyboard */ = {
			isa = PBXVariantGroup;
			children = (
				2188EF9C293E80990035146D /* Base */,
			);
			name = LaunchScreen.storyboard;
			sourceTree = "<group>";
		};
/* End PBXVariantGroup section */

/* Begin XCBuildConfiguration section */
		2188EFB5293E80990035146D /* Debug */ = {
			isa = XCBuildConfiguration;
			buildSettings = {
				ALWAYS_SEARCH_USER_PATHS = NO;
				CLANG_ANALYZER_NONNULL = YES;
				CLANG_ANALYZER_NUMBER_OBJECT_CONVERSION = YES_AGGRESSIVE;
				CLANG_CXX_LANGUAGE_STANDARD = "gnu++20";
				CLANG_ENABLE_MODULES = YES;
				CLANG_ENABLE_OBJC_ARC = YES;
				CLANG_ENABLE_OBJC_WEAK = YES;
				CLANG_WARN_BLOCK_CAPTURE_AUTORELEASING = YES;
				CLANG_WARN_BOOL_CONVERSION = YES;
				CLANG_WARN_COMMA = YES;
				CLANG_WARN_CONSTANT_CONVERSION = YES;
				CLANG_WARN_DEPRECATED_OBJC_IMPLEMENTATIONS = YES;
				CLANG_WARN_DIRECT_OBJC_ISA_USAGE = YES_ERROR;
				CLANG_WARN_DOCUMENTATION_COMMENTS = YES;
				CLANG_WARN_EMPTY_BODY = YES;
				CLANG_WARN_ENUM_CONVERSION = YES;
				CLANG_WARN_INFINITE_RECURSION = YES;
				CLANG_WARN_INT_CONVERSION = YES;
				CLANG_WARN_NON_LITERAL_NULL_CONVERSION = YES;
				CLANG_WARN_OBJC_IMPLICIT_RETAIN_SELF = YES;
				CLANG_WARN_OBJC_LITERAL_CONVERSION = YES;
				CLANG_WARN_OBJC_ROOT_CLASS = YES_ERROR;
				CLANG_WARN_QUOTED_INCLUDE_IN_FRAMEWORK_HEADER = YES;
				CLANG_WARN_RANGE_LOOP_ANALYSIS = YES;
				CLANG_WARN_STRICT_PROTOTYPES = YES;
				CLANG_WARN_SUSPICIOUS_MOVE = YES;
				CLANG_WARN_UNGUARDED_AVAILABILITY = YES_AGGRESSIVE;
				CLANG_WARN_UNREACHABLE_CODE = YES;
				CLANG_WARN__DUPLICATE_METHOD_MATCH = YES;
				COPY_PHASE_STRIP = NO;
				DEBUG_INFORMATION_FORMAT = dwarf;
				ENABLE_STRICT_OBJC_MSGSEND = YES;
				ENABLE_TESTABILITY = YES;
				GCC_C_LANGUAGE_STANDARD = gnu11;
				GCC_DYNAMIC_NO_PIC = NO;
				GCC_NO_COMMON_BLOCKS = YES;
				GCC_OPTIMIZATION_LEVEL = 0;
				GCC_PREPROCESSOR_DEFINITIONS = (
					"DEBUG=1",
					"$(inherited)",
				);
				GCC_WARN_64_TO_32_BIT_CONVERSION = YES;
				GCC_WARN_ABOUT_RETURN_TYPE = YES_ERROR;
				GCC_WARN_UNDECLARED_SELECTOR = YES;
				GCC_WARN_UNINITIALIZED_AUTOS = YES_AGGRESSIVE;
				GCC_WARN_UNUSED_FUNCTION = YES;
				GCC_WARN_UNUSED_VARIABLE = YES;
				IPHONEOS_DEPLOYMENT_TARGET = 16.1;
				MTL_ENABLE_DEBUG_INFO = INCLUDE_SOURCE;
				MTL_FAST_MATH = YES;
				ONLY_ACTIVE_ARCH = YES;
				SDKROOT = iphoneos;
				SWIFT_ACTIVE_COMPILATION_CONDITIONS = DEBUG;
				SWIFT_OPTIMIZATION_LEVEL = "-Onone";
			};
			name = Debug;
		};
		2188EFB6293E80990035146D /* Release */ = {
			isa = XCBuildConfiguration;
			buildSettings = {
				ALWAYS_SEARCH_USER_PATHS = NO;
				CLANG_ANALYZER_NONNULL = YES;
				CLANG_ANALYZER_NUMBER_OBJECT_CONVERSION = YES_AGGRESSIVE;
				CLANG_CXX_LANGUAGE_STANDARD = "gnu++20";
				CLANG_ENABLE_MODULES = YES;
				CLANG_ENABLE_OBJC_ARC = YES;
				CLANG_ENABLE_OBJC_WEAK = YES;
				CLANG_WARN_BLOCK_CAPTURE_AUTORELEASING = YES;
				CLANG_WARN_BOOL_CONVERSION = YES;
				CLANG_WARN_COMMA = YES;
				CLANG_WARN_CONSTANT_CONVERSION = YES;
				CLANG_WARN_DEPRECATED_OBJC_IMPLEMENTATIONS = YES;
				CLANG_WARN_DIRECT_OBJC_ISA_USAGE = YES_ERROR;
				CLANG_WARN_DOCUMENTATION_COMMENTS = YES;
				CLANG_WARN_EMPTY_BODY = YES;
				CLANG_WARN_ENUM_CONVERSION = YES;
				CLANG_WARN_INFINITE_RECURSION = YES;
				CLANG_WARN_INT_CONVERSION = YES;
				CLANG_WARN_NON_LITERAL_NULL_CONVERSION = YES;
				CLANG_WARN_OBJC_IMPLICIT_RETAIN_SELF = YES;
				CLANG_WARN_OBJC_LITERAL_CONVERSION = YES;
				CLANG_WARN_OBJC_ROOT_CLASS = YES_ERROR;
				CLANG_WARN_QUOTED_INCLUDE_IN_FRAMEWORK_HEADER = YES;
				CLANG_WARN_RANGE_LOOP_ANALYSIS = YES;
				CLANG_WARN_STRICT_PROTOTYPES = YES;
				CLANG_WARN_SUSPICIOUS_MOVE = YES;
				CLANG_WARN_UNGUARDED_AVAILABILITY = YES_AGGRESSIVE;
				CLANG_WARN_UNREACHABLE_CODE = YES;
				CLANG_WARN__DUPLICATE_METHOD_MATCH = YES;
				COPY_PHASE_STRIP = NO;
				DEBUG_INFORMATION_FORMAT = "dwarf-with-dsym";
				ENABLE_NS_ASSERTIONS = NO;
				ENABLE_STRICT_OBJC_MSGSEND = YES;
				GCC_C_LANGUAGE_STANDARD = gnu11;
				GCC_NO_COMMON_BLOCKS = YES;
				GCC_WARN_64_TO_32_BIT_CONVERSION = YES;
				GCC_WARN_ABOUT_RETURN_TYPE = YES_ERROR;
				GCC_WARN_UNDECLARED_SELECTOR = YES;
				GCC_WARN_UNINITIALIZED_AUTOS = YES_AGGRESSIVE;
				GCC_WARN_UNUSED_FUNCTION = YES;
				GCC_WARN_UNUSED_VARIABLE = YES;
				IPHONEOS_DEPLOYMENT_TARGET = 16.1;
				MTL_ENABLE_DEBUG_INFO = NO;
				MTL_FAST_MATH = YES;
				SDKROOT = iphoneos;
				SWIFT_COMPILATION_MODE = wholemodule;
				SWIFT_OPTIMIZATION_LEVEL = "-O";
				VALIDATE_PRODUCT = YES;
			};
			name = Release;
		};
		2188EFB8293E80990035146D /* Debug */ = {
			isa = XCBuildConfiguration;
			baseConfigurationReference = 456BF75A47810C27AC4B65DE /* Pods-LineaExpres.debug.xcconfig */;
			buildSettings = {
				ASSETCATALOG_COMPILER_APPICON_NAME = AppIcon;
				ASSETCATALOG_COMPILER_GLOBAL_ACCENT_COLOR_NAME = AccentColor;
				ASSETCATALOG_COMPILER_INCLUDE_ALL_APPICON_ASSETS = YES;
				CODE_SIGN_ENTITLEMENTS = LineaExpres/LineaExpres.entitlements;
				CODE_SIGN_STYLE = Automatic;
				CURRENT_PROJECT_VERSION = 1;
				DEVELOPMENT_TEAM = 2UG28YH9W7;
				GENERATE_INFOPLIST_FILE = YES;
				INFOPLIST_FILE = LineaExpres/Info.plist;
				INFOPLIST_KEY_CFBundleDisplayName = PuentesFront;
				INFOPLIST_KEY_LSApplicationCategoryType = "public.app-category.travel";
				INFOPLIST_KEY_NSCameraUsageDescription = "Permita a Linea Exprés tomar fotografías para continuar con el proceso.";
				INFOPLIST_KEY_NSPhotoLibraryUsageDescription = "Permita a Linea Exprés entrar a su galería";
				INFOPLIST_KEY_UIApplicationSupportsIndirectInputEvents = YES;
				INFOPLIST_KEY_UILaunchStoryboardName = LaunchScreen.storyboard;
				INFOPLIST_KEY_UIMainStoryboardFile = Main;
				INFOPLIST_KEY_UIRequiresFullScreen = YES;
				INFOPLIST_KEY_UIStatusBarStyle = UIStatusBarStyleLightContent;
				INFOPLIST_KEY_UISupportedInterfaceOrientations = UIInterfaceOrientationPortrait;
				INFOPLIST_KEY_UISupportedInterfaceOrientations_iPad = "UIInterfaceOrientationPortrait UIInterfaceOrientationPortraitUpsideDown";
				IPHONEOS_DEPLOYMENT_TARGET = 15.0;
				LD_RUNPATH_SEARCH_PATHS = (
					"$(inherited)",
					"@executable_path/Frameworks",
				);
				MARKETING_VERSION = 7.1;
				PRODUCT_BUNDLE_IDENTIFIER = mx.gob.puentesfronterizos.lineaexpres;
				PRODUCT_NAME = "$(TARGET_NAME)";
				SWIFT_EMIT_LOC_STRINGS = YES;
				SWIFT_VERSION = 5.0;
				TARGETED_DEVICE_FAMILY = "1,2";
			};
			name = Debug;
		};
		2188EFB9293E80990035146D /* Release */ = {
			isa = XCBuildConfiguration;
			baseConfigurationReference = ECE71D420B620656F13D009D /* Pods-LineaExpres.release.xcconfig */;
			buildSettings = {
				ASSETCATALOG_COMPILER_APPICON_NAME = AppIcon;
				ASSETCATALOG_COMPILER_GLOBAL_ACCENT_COLOR_NAME = AccentColor;
				ASSETCATALOG_COMPILER_INCLUDE_ALL_APPICON_ASSETS = YES;
				CODE_SIGN_ENTITLEMENTS = LineaExpres/LineaExpres.entitlements;
				CODE_SIGN_STYLE = Automatic;
				CURRENT_PROJECT_VERSION = 1;
				DEVELOPMENT_TEAM = 2UG28YH9W7;
				GENERATE_INFOPLIST_FILE = YES;
				INFOPLIST_FILE = LineaExpres/Info.plist;
				INFOPLIST_KEY_CFBundleDisplayName = PuentesFront;
				INFOPLIST_KEY_LSApplicationCategoryType = "public.app-category.travel";
				INFOPLIST_KEY_NSCameraUsageDescription = "Permita a Linea Exprés tomar fotografías para continuar con el proceso.";
				INFOPLIST_KEY_NSPhotoLibraryUsageDescription = "Permita a Linea Exprés entrar a su galería";
				INFOPLIST_KEY_UIApplicationSupportsIndirectInputEvents = YES;
				INFOPLIST_KEY_UILaunchStoryboardName = LaunchScreen.storyboard;
				INFOPLIST_KEY_UIMainStoryboardFile = Main;
				INFOPLIST_KEY_UIRequiresFullScreen = YES;
				INFOPLIST_KEY_UIStatusBarStyle = UIStatusBarStyleLightContent;
				INFOPLIST_KEY_UISupportedInterfaceOrientations = UIInterfaceOrientationPortrait;
				INFOPLIST_KEY_UISupportedInterfaceOrientations_iPad = "UIInterfaceOrientationPortrait UIInterfaceOrientationPortraitUpsideDown";
				IPHONEOS_DEPLOYMENT_TARGET = 15.0;
				LD_RUNPATH_SEARCH_PATHS = (
					"$(inherited)",
					"@executable_path/Frameworks",
				);
				MARKETING_VERSION = 7.1;
				PRODUCT_BUNDLE_IDENTIFIER = mx.gob.puentesfronterizos.lineaexpres;
				PRODUCT_NAME = "$(TARGET_NAME)";
				SWIFT_EMIT_LOC_STRINGS = YES;
				SWIFT_VERSION = 5.0;
				TARGETED_DEVICE_FAMILY = "1,2";
			};
			name = Release;
		};
		2188EFBB293E80990035146D /* Debug */ = {
			isa = XCBuildConfiguration;
			buildSettings = {
				ALWAYS_EMBED_SWIFT_STANDARD_LIBRARIES = YES;
				BUNDLE_LOADER = "$(TEST_HOST)";
				CODE_SIGN_STYLE = Automatic;
				CURRENT_PROJECT_VERSION = 1;
				DEVELOPMENT_TEAM = 2UG28YH9W7;
				GENERATE_INFOPLIST_FILE = YES;
				IPHONEOS_DEPLOYMENT_TARGET = 16.1;
				MARKETING_VERSION = 1.0;
				PRODUCT_BUNDLE_IDENTIFIER = mx.gob.puentesfronterizos.LineaExpresTests;
				PRODUCT_NAME = "$(TARGET_NAME)";
				SWIFT_EMIT_LOC_STRINGS = NO;
				SWIFT_VERSION = 5.0;
				TARGETED_DEVICE_FAMILY = "1,2";
				TEST_HOST = "$(BUILT_PRODUCTS_DIR)/LineaExpres.app/$(BUNDLE_EXECUTABLE_FOLDER_PATH)/LineaExpres";
			};
			name = Debug;
		};
		2188EFBC293E80990035146D /* Release */ = {
			isa = XCBuildConfiguration;
			buildSettings = {
				ALWAYS_EMBED_SWIFT_STANDARD_LIBRARIES = YES;
				BUNDLE_LOADER = "$(TEST_HOST)";
				CODE_SIGN_STYLE = Automatic;
				CURRENT_PROJECT_VERSION = 1;
				DEVELOPMENT_TEAM = 2UG28YH9W7;
				GENERATE_INFOPLIST_FILE = YES;
				IPHONEOS_DEPLOYMENT_TARGET = 16.1;
				MARKETING_VERSION = 1.0;
				PRODUCT_BUNDLE_IDENTIFIER = mx.gob.puentesfronterizos.LineaExpresTests;
				PRODUCT_NAME = "$(TARGET_NAME)";
				SWIFT_EMIT_LOC_STRINGS = NO;
				SWIFT_VERSION = 5.0;
				TARGETED_DEVICE_FAMILY = "1,2";
				TEST_HOST = "$(BUILT_PRODUCTS_DIR)/LineaExpres.app/$(BUNDLE_EXECUTABLE_FOLDER_PATH)/LineaExpres";
			};
			name = Release;
		};
		2188EFBE293E80990035146D /* Debug */ = {
			isa = XCBuildConfiguration;
			buildSettings = {
				ALWAYS_EMBED_SWIFT_STANDARD_LIBRARIES = YES;
				CODE_SIGN_STYLE = Automatic;
				CURRENT_PROJECT_VERSION = 1;
				DEVELOPMENT_TEAM = 2UG28YH9W7;
				GENERATE_INFOPLIST_FILE = YES;
				MARKETING_VERSION = 1.0;
				PRODUCT_BUNDLE_IDENTIFIER = mx.gob.puentesfronterizos.LineaExpresUITests;
				PRODUCT_NAME = "$(TARGET_NAME)";
				SWIFT_EMIT_LOC_STRINGS = NO;
				SWIFT_VERSION = 5.0;
				TARGETED_DEVICE_FAMILY = "1,2";
				TEST_TARGET_NAME = LineaExpres;
			};
			name = Debug;
		};
		2188EFBF293E80990035146D /* Release */ = {
			isa = XCBuildConfiguration;
			buildSettings = {
				ALWAYS_EMBED_SWIFT_STANDARD_LIBRARIES = YES;
				CODE_SIGN_STYLE = Automatic;
				CURRENT_PROJECT_VERSION = 1;
				DEVELOPMENT_TEAM = 2UG28YH9W7;
				GENERATE_INFOPLIST_FILE = YES;
				MARKETING_VERSION = 1.0;
				PRODUCT_BUNDLE_IDENTIFIER = mx.gob.puentesfronterizos.LineaExpresUITests;
				PRODUCT_NAME = "$(TARGET_NAME)";
				SWIFT_EMIT_LOC_STRINGS = NO;
				SWIFT_VERSION = 5.0;
				TARGETED_DEVICE_FAMILY = "1,2";
				TEST_TARGET_NAME = LineaExpres;
			};
			name = Release;
		};
/* End XCBuildConfiguration section */

/* Begin XCConfigurationList section */
		2188EF88293E80970035146D /* Build configuration list for PBXProject "LineaExpres" */ = {
			isa = XCConfigurationList;
			buildConfigurations = (
				2188EFB5293E80990035146D /* Debug */,
				2188EFB6293E80990035146D /* Release */,
			);
			defaultConfigurationIsVisible = 0;
			defaultConfigurationName = Release;
		};
		2188EFB7293E80990035146D /* Build configuration list for PBXNativeTarget "LineaExpres" */ = {
			isa = XCConfigurationList;
			buildConfigurations = (
				2188EFB8293E80990035146D /* Debug */,
				2188EFB9293E80990035146D /* Release */,
			);
			defaultConfigurationIsVisible = 0;
			defaultConfigurationName = Release;
		};
		2188EFBA293E80990035146D /* Build configuration list for PBXNativeTarget "LineaExpresTests" */ = {
			isa = XCConfigurationList;
			buildConfigurations = (
				2188EFBB293E80990035146D /* Debug */,
				2188EFBC293E80990035146D /* Release */,
			);
			defaultConfigurationIsVisible = 0;
			defaultConfigurationName = Release;
		};
		2188EFBD293E80990035146D /* Build configuration list for PBXNativeTarget "LineaExpresUITests" */ = {
			isa = XCConfigurationList;
			buildConfigurations = (
				2188EFBE293E80990035146D /* Debug */,
				2188EFBF293E80990035146D /* Release */,
			);
			defaultConfigurationIsVisible = 0;
			defaultConfigurationName = Release;
		};
/* End XCConfigurationList section */

/* Begin XCRemoteSwiftPackageReference section */
		213D8416295431EA008F046C /* XCRemoteSwiftPackageReference "stripe-ios-spm" */ = {
			isa = XCRemoteSwiftPackageReference;
			repositoryURL = "https://github.com/stripe/stripe-ios-spm";
			requirement = {
				kind = upToNextMajorVersion;
				minimumVersion = 23.0.0;
			};
		};
		218734A1294305C80055C582 /* XCRemoteSwiftPackageReference "firebase-ios-sdk" */ = {
			isa = XCRemoteSwiftPackageReference;
			repositoryURL = "https://github.com/firebase/firebase-ios-sdk";
			requirement = {
				kind = upToNextMajorVersion;
				minimumVersion = 9.0.0;
			};
		};
		2188CC7C294824B5004487C8 /* XCRemoteSwiftPackageReference "SQLite.swift" */ = {
			isa = XCRemoteSwiftPackageReference;
			repositoryURL = "https://github.com/stephencelis/SQLite.swift.git";
			requirement = {
				kind = upToNextMajorVersion;
				minimumVersion = 0.9.2;
			};
		};
		21B76177295ACBDB004DD01A /* XCRemoteSwiftPackageReference "RSBarcodes_Swift" */ = {
			isa = XCRemoteSwiftPackageReference;
			repositoryURL = "https://github.com/yeahdongcn/RSBarcodes_Swift.git";
			requirement = {
				kind = upToNextMajorVersion;
				minimumVersion = 5.0.0;
			};
		};
		21C29FC7294ABA8100A45DAC /* XCRemoteSwiftPackageReference "SwiftyJSON" */ = {
			isa = XCRemoteSwiftPackageReference;
			repositoryURL = "https://github.com/SwiftyJSON/SwiftyJSON.git";
			requirement = {
				kind = upToNextMajorVersion;
				minimumVersion = 5.0.0;
			};
		};
		21D107722951AD3A00C3285C /* XCRemoteSwiftPackageReference "Alamofire" */ = {
			isa = XCRemoteSwiftPackageReference;
			repositoryURL = "https://github.com/Alamofire/Alamofire.git";
			requirement = {
				kind = upToNextMajorVersion;
				minimumVersion = 5.0.0;
			};
		};
		21F0750A29502EDF00CEFAC2 /* XCRemoteSwiftPackageReference "SDWebImage" */ = {
			isa = XCRemoteSwiftPackageReference;
			repositoryURL = "https://github.com/SDWebImage/SDWebImage.git";
			requirement = {
				kind = upToNextMajorVersion;
				minimumVersion = 5.0.0;
			};
		};
/* End XCRemoteSwiftPackageReference section */

/* Begin XCSwiftPackageProductDependency section */
		213D8417295431EA008F046C /* StripePaymentSheet */ = {
			isa = XCSwiftPackageProductDependency;
			package = 213D8416295431EA008F046C /* XCRemoteSwiftPackageReference "stripe-ios-spm" */;
			productName = StripePaymentSheet;
		};
		213D841929544E27008F046C /* Stripe */ = {
			isa = XCSwiftPackageProductDependency;
			package = 213D8416295431EA008F046C /* XCRemoteSwiftPackageReference "stripe-ios-spm" */;
			productName = Stripe;
		};
		218734A2294305C80055C582 /* FirebaseAnalytics */ = {
			isa = XCSwiftPackageProductDependency;
			package = 218734A1294305C80055C582 /* XCRemoteSwiftPackageReference "firebase-ios-sdk" */;
			productName = FirebaseAnalytics;
		};
		218734A729430FA00055C582 /* FirebaseAuth */ = {
			isa = XCSwiftPackageProductDependency;
			package = 218734A1294305C80055C582 /* XCRemoteSwiftPackageReference "firebase-ios-sdk" */;
			productName = FirebaseAuth;
		};
		218734A929430FB10055C582 /* FirebaseMessaging */ = {
			isa = XCSwiftPackageProductDependency;
			package = 218734A1294305C80055C582 /* XCRemoteSwiftPackageReference "firebase-ios-sdk" */;
			productName = FirebaseMessaging;
		};
		2188CC7D294824B5004487C8 /* SQLite */ = {
			isa = XCSwiftPackageProductDependency;
			package = 2188CC7C294824B5004487C8 /* XCRemoteSwiftPackageReference "SQLite.swift" */;
			productName = SQLite;
		};
		21B76178295ACBDB004DD01A /* RSBarcodes_Swift */ = {
			isa = XCSwiftPackageProductDependency;
			package = 21B76177295ACBDB004DD01A /* XCRemoteSwiftPackageReference "RSBarcodes_Swift" */;
			productName = RSBarcodes_Swift;
		};
		21C29FC8294ABA8100A45DAC /* SwiftyJSON */ = {
			isa = XCSwiftPackageProductDependency;
			package = 21C29FC7294ABA8100A45DAC /* XCRemoteSwiftPackageReference "SwiftyJSON" */;
			productName = SwiftyJSON;
		};
		21D107732951AD3A00C3285C /* Alamofire */ = {
			isa = XCSwiftPackageProductDependency;
			package = 21D107722951AD3A00C3285C /* XCRemoteSwiftPackageReference "Alamofire" */;
			productName = Alamofire;
		};
		21F0750B29502EE000CEFAC2 /* SDWebImage */ = {
			isa = XCSwiftPackageProductDependency;
			package = 21F0750A29502EDF00CEFAC2 /* XCRemoteSwiftPackageReference "SDWebImage" */;
			productName = SDWebImage;
		};
/* End XCSwiftPackageProductDependency section */
	};
	rootObject = 2188EF85293E80970035146D /* Project object */;
}
